
Microsoft Visual Studio Solution File, Format Version 12.00
# Visual Studio Version 16
VisualStudioVersion = 16.0.30804.86
MinimumVisualStudioVersion = 10.0.40219.1
Project("{FAE04EC0-301F-11D3-BF4B-00C04F79EFBC}") = "ConsumoApiREST", "ConsumoApiREST\ConsumoApiREST.csproj", "{3C605AD3-BBC6-4DAE-A56C-88BC5CA88B0A}"
EndProject
Global
	GlobalSection(SolutionConfigurationPlatforms) = preSolution
		Debug|Any CPU = Debug|Any CPU
		Release|Any CPU = Release|Any CPU
	EndGlobalSection
	GlobalSection(ProjectConfigurationPlatforms) = postSolution
		{3C605AD3-BBC6-4DAE-A56C-88BC5CA88B0A}.Debug|Any CPU.ActiveCfg = Debug|Any CPU
		{3C605AD3-BBC6-4DAE-A56C-88BC5CA88B0A}.Debug|Any CPU.Build.0 = Debug|Any CPU
		{3C605AD3-BBC6-4DAE-A56C-88BC5CA88B0A}.Release|Any CPU.ActiveCfg = Release|Any CPU
		{3C605AD3-BBC6-4DAE-A56C-88BC5CA88B0A}.Release|Any CPU.Build.0 = Release|Any CPU
	EndGlobalSection
	GlobalSection(SolutionProperties) = preSolution
		HideSolutionNode = FALSE
	EndGlobalSection
	GlobalSection(ExtensibilityGlobals) = postSolution
		SolutionGuid = {55A16AC6-E8AF-4B69-A028-4B63D8CFB1D5}
	EndGlobalSection
EndGlobal
